
Microsoft Visual Studio Solution File, Format Version 12.00
# Visual Studio Version 16
VisualStudioVersion = 16.0.30717.126
MinimumVisualStudioVersion = 10.0.40219.1
Project("{FAE04EC0-301F-11D3-BF4B-00C04F79EFBC}") = "6_Calculadora_consula", "6_Calculadora_consula.csproj", "{7C087F5B-269E-411D-880A-E8C8F8030BCB}"
EndProject
Global
	GlobalSection(SolutionConfigurationPlatforms) = preSolution
		Debug|Any CPU = Debug|Any CPU
		Release|Any CPU = Release|Any CPU
	EndGlobalSection
	GlobalSection(ProjectConfigurationPlatforms) = postSolution
		{7C087F5B-269E-411D-880A-E8C8F8030BCB}.Debug|Any CPU.ActiveCfg = Debug|Any CPU
		{7C087F5B-269E-411D-880A-E8C8F8030BCB}.Debug|Any CPU.Build.0 = Debug|Any CPU
		{7C087F5B-269E-411D-880A-E8C8F8030BCB}.Release|Any CPU.ActiveCfg = Release|Any CPU
		{7C087F5B-269E-411D-880A-E8C8F8030BCB}.Release|Any CPU.Build.0 = Release|Any CPU
	EndGlobalSection
	GlobalSection(SolutionProperties) = preSolution
		HideSolutionNode = FALSE
	EndGlobalSection
	GlobalSection(ExtensibilityGlobals) = postSolution
		SolutionGuid = {E71D1F47-F2EA-49AD-A807-5A8CA9C421AB}
	EndGlobalSection
EndGlobal
